
Microsoft Visual Studio Solution File, Format Version 12.00
# Visual Studio Version 17
VisualStudioVersion = 17.9.34622.214
MinimumVisualStudioVersion = 10.0.40219.1
Project("{9A19103F-16F7-4668-BE54-9A1E7A4F7556}") = "Api", "Discussify.API\Api.csproj", "{7C001CF1-8649-4361-81B8-DE00A4C233EA}"
EndProject
Project("{9A19103F-16F7-4668-BE54-9A1E7A4F7556}") = "Infrastructure", "Infrastructure\Infrastructure.csproj", "{62A5C8B5-8BD6-4D7C-B2B0-5D0A461E4864}"
EndProject
Project("{9A19103F-16F7-4668-BE54-9A1E7A4F7556}") = "Domain", "Domain\Domain.csproj", "{BE40D438-98C7-4B54-8CDA-A5A57A370E83}"
EndProject
Project("{9A19103F-16F7-4668-BE54-9A1E7A4F7556}") = "Common", "CommonDataContract\Common.csproj", "{E1EA7284-2404-4839-AAE1-1BBA65B0502B}"
EndProject
Project("{9A19103F-16F7-4668-BE54-9A1E7A4F7556}") = "Application", "Application\Application.csproj", "{D9C72A7D-A036-45C8-917E-758890CCA74A}"
EndProject
Project("{FAE04EC0-301F-11D3-BF4B-00C04F79EFBC}") = "Test", "Test\Test.csproj", "{898AA143-5F75-40C9-A6B6-E1A1C513E39F}"
EndProject
Global
	GlobalSection(SolutionConfigurationPlatforms) = preSolution
		Debug|Any CPU = Debug|Any CPU
		Release|Any CPU = Release|Any CPU
	EndGlobalSection
	GlobalSection(ProjectConfigurationPlatforms) = postSolution
		{7C001CF1-8649-4361-81B8-DE00A4C233EA}.Debug|Any CPU.ActiveCfg = Debug|Any CPU
		{7C001CF1-8649-4361-81B8-DE00A4C233EA}.Debug|Any CPU.Build.0 = Debug|Any CPU
		{7C001CF1-8649-4361-81B8-DE00A4C233EA}.Release|Any CPU.ActiveCfg = Release|Any CPU
		{7C001CF1-8649-4361-81B8-DE00A4C233EA}.Release|Any CPU.Build.0 = Release|Any CPU
		{62A5C8B5-8BD6-4D7C-B2B0-5D0A461E4864}.Debug|Any CPU.ActiveCfg = Debug|Any CPU
		{62A5C8B5-8BD6-4D7C-B2B0-5D0A461E4864}.Debug|Any CPU.Build.0 = Debug|Any CPU
		{62A5C8B5-8BD6-4D7C-B2B0-5D0A461E4864}.Release|Any CPU.ActiveCfg = Release|Any CPU
		{62A5C8B5-8BD6-4D7C-B2B0-5D0A461E4864}.Release|Any CPU.Build.0 = Release|Any CPU
		{BE40D438-98C7-4B54-8CDA-A5A57A370E83}.Debug|Any CPU.ActiveCfg = Debug|Any CPU
		{BE40D438-98C7-4B54-8CDA-A5A57A370E83}.Debug|Any CPU.Build.0 = Debug|Any CPU
		{BE40D438-98C7-4B54-8CDA-A5A57A370E83}.Release|Any CPU.ActiveCfg = Release|Any CPU
		{BE40D438-98C7-4B54-8CDA-A5A57A370E83}.Release|Any CPU.Build.0 = Release|Any CPU
		{E1EA7284-2404-4839-AAE1-1BBA65B0502B}.Debug|Any CPU.ActiveCfg = Debug|Any CPU
		{E1EA7284-2404-4839-AAE1-1BBA65B0502B}.Debug|Any CPU.Build.0 = Debug|Any CPU
		{E1EA7284-2404-4839-AAE1-1BBA65B0502B}.Release|Any CPU.ActiveCfg = Release|Any CPU
		{E1EA7284-2404-4839-AAE1-1BBA65B0502B}.Release|Any CPU.Build.0 = Release|Any CPU
		{D9C72A7D-A036-45C8-917E-758890CCA74A}.Debug|Any CPU.ActiveCfg = Debug|Any CPU
		{D9C72A7D-A036-45C8-917E-758890CCA74A}.Debug|Any CPU.Build.0 = Debug|Any CPU
		{D9C72A7D-A036-45C8-917E-758890CCA74A}.Release|Any CPU.ActiveCfg = Release|Any CPU
		{D9C72A7D-A036-45C8-917E-758890CCA74A}.Release|Any CPU.Build.0 = Release|Any CPU
		{898AA143-5F75-40C9-A6B6-E1A1C513E39F}.Debug|Any CPU.ActiveCfg = Debug|Any CPU
		{898AA143-5F75-40C9-A6B6-E1A1C513E39F}.Debug|Any CPU.Build.0 = Debug|Any CPU
		{898AA143-5F75-40C9-A6B6-E1A1C513E39F}.Release|Any CPU.ActiveCfg = Release|Any CPU
		{898AA143-5F75-40C9-A6B6-E1A1C513E39F}.Release|Any CPU.Build.0 = Release|Any CPU
	EndGlobalSection
	GlobalSection(SolutionProperties) = preSolution
		HideSolutionNode = FALSE
	EndGlobalSection
	GlobalSection(ExtensibilityGlobals) = postSolution
		SolutionGuid = {83C9DEB5-09C8-41B1-94B1-8C6C49AB4F64}
	EndGlobalSection
EndGlobal
